<Solution>
  <Project Path="../../../../../../Documents/DEVBACKEND/Lógica de Programação e Algoritimos/Aula07/Segunda/Combustivel/Combustivel.csproj" />
  <Project Path="../../../../../../Documents/DEVBACKEND/Lógica de Programação e Algoritimos/Aula07/Segunda/Divisao/Divisao.csproj" />
  <Project Path="../../../../../../Documents/DEVBACKEND/Lógica de Programação e Algoritimos/Aula07/Segunda/Impares/Impares.csproj" />
  <Project Path="../../../../../../Documents/DEVBACKEND/Lógica de Programação e Algoritimos/Aula07/Segunda/Parque/Parque.csproj" />
</Solution>
